// !$*UTF8*$!
{
	archiveVersion = 1;
	classes = {
	};
	objectVersion = 50;
	objects = {

/* Begin PBXBuildFile section */
		EF022CCB262327C300669EDE /* SearchVCTests.swift in Sources */ = {isa = PBXBuildFile; fileRef = EF022CCA262327C300669EDE /* SearchVCTests.swift */; };
		EF022CD026232B6600669EDE /* GFTextFieldTests.swift in Sources */ = {isa = PBXBuildFile; fileRef = EF022CCF26232B6600669EDE /* GFTextFieldTests.swift */; };
		EF022CD526232BDB00669EDE /* GFAlertVCTests.swift in Sources */ = {isa = PBXBuildFile; fileRef = EF022CD426232BDB00669EDE /* GFAlertVCTests.swift */; };
		EF022CDA26232C9800669EDE /* GFItemInfoViewTests.swift in Sources */ = {isa = PBXBuildFile; fileRef = EF022CD926232C9800669EDE /* GFItemInfoViewTests.swift */; };
		EF022CE826232DAD00669EDE /* FollowersListVCTests.swift in Sources */ = {isa = PBXBuildFile; fileRef = EF022CE726232DAD00669EDE /* FollowersListVCTests.swift */; };
		EF022CF02623352A00669EDE /* GFUserInfoHeaderVCTests.swift in Sources */ = {isa = PBXBuildFile; fileRef = EF022CEF2623352A00669EDE /* GFUserInfoHeaderVCTests.swift */; };
		EF022CF52623361D00669EDE /* CellTests.swift in Sources */ = {isa = PBXBuildFile; fileRef = EF022CF42623361D00669EDE /* CellTests.swift */; };
		EF022CFA2623372F00669EDE /* GFItemInfoVCTests.swift in Sources */ = {isa = PBXBuildFile; fileRef = EF022CF92623372F00669EDE /* GFItemInfoVCTests.swift */; };
		EF022D022623393F00669EDE /* FavoritesVCTests.swift in Sources */ = {isa = PBXBuildFile; fileRef = EF022D012623393F00669EDE /* FavoritesVCTests.swift */; };
		EF022D0726233A8E00669EDE /* GFEmptyStateViewTests.swift in Sources */ = {isa = PBXBuildFile; fileRef = EF022D0626233A8E00669EDE /* GFEmptyStateViewTests.swift */; };
		EF022D0C26233B4700669EDE /* UserInfoVCTests.swift in Sources */ = {isa = PBXBuildFile; fileRef = EF022D0B26233B4700669EDE /* UserInfoVCTests.swift */; };
		EF022D1126233D5F00669EDE /* FollowersCollectionHeaderViewTests.swift in Sources */ = {isa = PBXBuildFile; fileRef = EF022D1026233D5F00669EDE /* FollowersCollectionHeaderViewTests.swift */; };
		EF022D5B2624859100669EDE /* Coordinator.swift in Sources */ = {isa = PBXBuildFile; fileRef = EF022D5A2624859100669EDE /* Coordinator.swift */; };
		EF022D63262485E900669EDE /* MainCoordinator.swift in Sources */ = {isa = PBXBuildFile; fileRef = EF022D62262485E900669EDE /* MainCoordinator.swift */; };
		EF039116258AA23400C0536C /* GFItemInfoView.swift in Sources */ = {isa = PBXBuildFile; fileRef = EF039115258AA23400C0536C /* GFItemInfoView.swift */; };
		EF41B8F925894DBD002D94B4 /* AppDelegate.swift in Sources */ = {isa = PBXBuildFile; fileRef = EF41B8F825894DBD002D94B4 /* AppDelegate.swift */; };
		EF41B8FB25894DBD002D94B4 /* SceneDelegate.swift in Sources */ = {isa = PBXBuildFile; fileRef = EF41B8FA25894DBD002D94B4 /* SceneDelegate.swift */; };
		EF41B90225894DBE002D94B4 /* Assets.xcassets in Resources */ = {isa = PBXBuildFile; fileRef = EF41B90125894DBE002D94B4 /* Assets.xcassets */; };
		EF41B90525894DBE002D94B4 /* LaunchScreen.storyboard in Resources */ = {isa = PBXBuildFile; fileRef = EF41B90325894DBE002D94B4 /* LaunchScreen.storyboard */; };
		EF41B91025894DBE002D94B4 /* GHFollowersRepetition2Tests.swift in Sources */ = {isa = PBXBuildFile; fileRef = EF41B90F25894DBE002D94B4 /* GHFollowersRepetition2Tests.swift */; };
		EF41B91B25894DBE002D94B4 /* GHFollowersRepetition2UITests.swift in Sources */ = {isa = PBXBuildFile; fileRef = EF41B91A25894DBE002D94B4 /* GHFollowersRepetition2UITests.swift */; };
		EF41B93F25894EBA002D94B4 /* SearchVC.swift in Sources */ = {isa = PBXBuildFile; fileRef = EF41B93E25894EBA002D94B4 /* SearchVC.swift */; };
		EF41B94725894EC3002D94B4 /* FavoritesVC.swift in Sources */ = {isa = PBXBuildFile; fileRef = EF41B94625894EC3002D94B4 /* FavoritesVC.swift */; };
		EF41B9522589513D002D94B4 /* GFTextField.swift in Sources */ = {isa = PBXBuildFile; fileRef = EF41B9512589513D002D94B4 /* GFTextField.swift */; };
		EF41B95C2589526A002D94B4 /* GFButton.swift in Sources */ = {isa = PBXBuildFile; fileRef = EF41B95B2589526A002D94B4 /* GFButton.swift */; };
		EF59C53B258959EA002FDE69 /* UIViewController+EXT.swift in Sources */ = {isa = PBXBuildFile; fileRef = EF59C53A258959EA002FDE69 /* UIViewController+EXT.swift */; };
		EF59C54A25895A3B002FDE69 /* GFBodyLabel.swift in Sources */ = {isa = PBXBuildFile; fileRef = EF59C54925895A3B002FDE69 /* GFBodyLabel.swift */; };
		EF59C55225895B40002FDE69 /* GFTitleLabel.swift in Sources */ = {isa = PBXBuildFile; fileRef = EF59C55125895B40002FDE69 /* GFTitleLabel.swift */; };
		EF59C55825895E0C002FDE69 /* GFAlertVC.swift in Sources */ = {isa = PBXBuildFile; fileRef = EF59C55725895E0C002FDE69 /* GFAlertVC.swift */; };
		EF59C563258967D1002FDE69 /* Follower.swift in Sources */ = {isa = PBXBuildFile; fileRef = EF59C562258967D1002FDE69 /* Follower.swift */; };
		EF59C5682589682F002FDE69 /* NetworkManager.swift in Sources */ = {isa = PBXBuildFile; fileRef = EF59C5672589682F002FDE69 /* NetworkManager.swift */; };
		EF59C56D258968C2002FDE69 /* GFError.swift in Sources */ = {isa = PBXBuildFile; fileRef = EF59C56C258968C2002FDE69 /* GFError.swift */; };
		EF59C57225896EF1002FDE69 /* UIHelper.swift in Sources */ = {isa = PBXBuildFile; fileRef = EF59C57125896EF1002FDE69 /* UIHelper.swift */; };
		EF59C57825896F95002FDE69 /* FollowerCell.swift in Sources */ = {isa = PBXBuildFile; fileRef = EF59C57725896F95002FDE69 /* FollowerCell.swift */; };
		EF59C580258970B9002FDE69 /* GFAvatarImageView.swift in Sources */ = {isa = PBXBuildFile; fileRef = EF59C57F258970B9002FDE69 /* GFAvatarImageView.swift */; };
		EF59C58525898B01002FDE69 /* GFEmptyStateView.swift in Sources */ = {isa = PBXBuildFile; fileRef = EF59C58425898B01002FDE69 /* GFEmptyStateView.swift */; };
		EF5CD1FB25CB0CC2002671D0 /* FollowersCollectionHeaderView.swift in Sources */ = {isa = PBXBuildFile; fileRef = EF5CD1FA25CB0CC2002671D0 /* FollowersCollectionHeaderView.swift */; };
		EF6B0A6B2675F4AE002B9A6E /* FollowerListVC.swift in Sources */ = {isa = PBXBuildFile; fileRef = EF6B0A6A2675F4AE002B9A6E /* FollowerListVC.swift */; };
		EF703B5E26748E9A00197DFD /* GF15ButtonTinted.swift in Sources */ = {isa = PBXBuildFile; fileRef = EF703B5D26748E9A00197DFD /* GF15ButtonTinted.swift */; };
		EF703B602674952A00197DFD /* GF15ButtonFilled.swift in Sources */ = {isa = PBXBuildFile; fileRef = EF703B5F2674952A00197DFD /* GF15ButtonFilled.swift */; };
		EF79DFFD260E0425001B410D /* NetworkCallUnitTest.swift in Sources */ = {isa = PBXBuildFile; fileRef = EF79DFFC260E0425001B410D /* NetworkCallUnitTest.swift */; };
		EF7AFDA7258BE6D200AC8A56 /* Dates+ext.swift in Sources */ = {isa = PBXBuildFile; fileRef = EF7AFDA6258BE6D200AC8A56 /* Dates+ext.swift */; };
		EF7AFDAC258BE6DC00AC8A56 /* String+ext.swift in Sources */ = {isa = PBXBuildFile; fileRef = EF7AFDAB258BE6DC00AC8A56 /* String+ext.swift */; };
		EF8183F3258BCF8A003ABD1E /* GFItemInfoVC.swift in Sources */ = {isa = PBXBuildFile; fileRef = EF8183F2258BCF8A003ABD1E /* GFItemInfoVC.swift */; };
		EF818401258BD271003ABD1E /* GFRepoItemVC.swift in Sources */ = {isa = PBXBuildFile; fileRef = EF818400258BD271003ABD1E /* GFRepoItemVC.swift */; };
		EF818406258BD469003ABD1E /* GFFollowerItemVC.swift in Sources */ = {isa = PBXBuildFile; fileRef = EF818405258BD469003ABD1E /* GFFollowerItemVC.swift */; };
		EFA57B0D258F8E6200369121 /* PersistenceManager.swift in Sources */ = {isa = PBXBuildFile; fileRef = EFA57B0C258F8E6200369121 /* PersistenceManager.swift */; };
		EFA57B28258F9BB200369121 /* FavoriteCell.swift in Sources */ = {isa = PBXBuildFile; fileRef = EFA57B27258F9BB200369121 /* FavoriteCell.swift */; };
		EFA708F4258A353000B52D95 /* UserInfoVC.swift in Sources */ = {isa = PBXBuildFile; fileRef = EFA708F3258A353000B52D95 /* UserInfoVC.swift */; };
		EFA708F9258A385C00B52D95 /* User.swift in Sources */ = {isa = PBXBuildFile; fileRef = EFA708F8258A385C00B52D95 /* User.swift */; };
		EFA708FE258A4F3500B52D95 /* GFUserInfoHeaderVC.swift in Sources */ = {isa = PBXBuildFile; fileRef = EFA708FD258A4F3500B52D95 /* GFUserInfoHeaderVC.swift */; };
		EFA70903258A4F6D00B52D95 /* GFSecondaryTitleLabel.swift in Sources */ = {isa = PBXBuildFile; fileRef = EFA70902258A4F6D00B52D95 /* GFSecondaryTitleLabel.swift */; };
		EFA70908258A552900B52D95 /* Constants.swift in Sources */ = {isa = PBXBuildFile; fileRef = EFA70907258A552900B52D95 /* Constants.swift */; };
/* End PBXBuildFile section */

/* Begin PBXContainerItemProxy section */
		EF41B90C25894DBE002D94B4 /* PBXContainerItemProxy */ = {
			isa = PBXContainerItemProxy;
			containerPortal = EF41B8ED25894DBD002D94B4 /* Project object */;
			proxyType = 1;
			remoteGlobalIDString = EF41B8F425894DBD002D94B4;
			remoteInfo = GHFollowersRepetition2;
		};
		EF41B91725894DBE002D94B4 /* PBXContainerItemProxy */ = {
			isa = PBXContainerItemProxy;
			containerPortal = EF41B8ED25894DBD002D94B4 /* Project object */;
			proxyType = 1;
			remoteGlobalIDString = EF41B8F425894DBD002D94B4;
			remoteInfo = GHFollowersRepetition2;
		};
/* End PBXContainerItemProxy section */

/* Begin PBXFileReference section */
		EF022CCA262327C300669EDE /* SearchVCTests.swift */ = {isa = PBXFileReference; lastKnownFileType = sourcecode.swift; path = SearchVCTests.swift; sourceTree = "<group>"; };
		EF022CCF26232B6600669EDE /* GFTextFieldTests.swift */ = {isa = PBXFileReference; lastKnownFileType = sourcecode.swift; path = GFTextFieldTests.swift; sourceTree = "<group>"; };
		EF022CD426232BDB00669EDE /* GFAlertVCTests.swift */ = {isa = PBXFileReference; lastKnownFileType = sourcecode.swift; path = GFAlertVCTests.swift; sourceTree = "<group>"; };
		EF022CD926232C9800669EDE /* GFItemInfoViewTests.swift */ = {isa = PBXFileReference; lastKnownFileType = sourcecode.swift; path = GFItemInfoViewTests.swift; sourceTree = "<group>"; };
		EF022CE726232DAD00669EDE /* FollowersListVCTests.swift */ = {isa = PBXFileReference; lastKnownFileType = sourcecode.swift; path = FollowersListVCTests.swift; sourceTree = "<group>"; };
		EF022CEF2623352A00669EDE /* GFUserInfoHeaderVCTests.swift */ = {isa = PBXFileReference; lastKnownFileType = sourcecode.swift; path = GFUserInfoHeaderVCTests.swift; sourceTree = "<group>"; };
		EF022CF42623361D00669EDE /* CellTests.swift */ = {isa = PBXFileReference; lastKnownFileType = sourcecode.swift; path = CellTests.swift; sourceTree = "<group>"; };
		EF022CF92623372F00669EDE /* GFItemInfoVCTests.swift */ = {isa = PBXFileReference; lastKnownFileType = sourcecode.swift; path = GFItemInfoVCTests.swift; sourceTree = "<group>"; };
		EF022D012623393F00669EDE /* FavoritesVCTests.swift */ = {isa = PBXFileReference; lastKnownFileType = sourcecode.swift; path = FavoritesVCTests.swift; sourceTree = "<group>"; };
		EF022D0626233A8E00669EDE /* GFEmptyStateViewTests.swift */ = {isa = PBXFileReference; lastKnownFileType = sourcecode.swift; path = GFEmptyStateViewTests.swift; sourceTree = "<group>"; };
		EF022D0B26233B4700669EDE /* UserInfoVCTests.swift */ = {isa = PBXFileReference; lastKnownFileType = sourcecode.swift; path = UserInfoVCTests.swift; sourceTree = "<group>"; };
		EF022D1026233D5F00669EDE /* FollowersCollectionHeaderViewTests.swift */ = {isa = PBXFileReference; lastKnownFileType = sourcecode.swift; path = FollowersCollectionHeaderViewTests.swift; sourceTree = "<group>"; };
		EF022D5A2624859100669EDE /* Coordinator.swift */ = {isa = PBXFileReference; lastKnownFileType = sourcecode.swift; path = Coordinator.swift; sourceTree = "<group>"; };
		EF022D62262485E900669EDE /* MainCoordinator.swift */ = {isa = PBXFileReference; lastKnownFileType = sourcecode.swift; path = MainCoordinator.swift; sourceTree = "<group>"; };
		EF039115258AA23400C0536C /* GFItemInfoView.swift */ = {isa = PBXFileReference; lastKnownFileType = sourcecode.swift; path = GFItemInfoView.swift; sourceTree = "<group>"; };
		EF41B8F525894DBD002D94B4 /* GHFollowersRepetition2.app */ = {isa = PBXFileReference; explicitFileType = wrapper.application; includeInIndex = 0; path = GHFollowersRepetition2.app; sourceTree = BUILT_PRODUCTS_DIR; };
		EF41B8F825894DBD002D94B4 /* AppDelegate.swift */ = {isa = PBXFileReference; lastKnownFileType = sourcecode.swift; path = AppDelegate.swift; sourceTree = "<group>"; };
		EF41B8FA25894DBD002D94B4 /* SceneDelegate.swift */ = {isa = PBXFileReference; lastKnownFileType = sourcecode.swift; path = SceneDelegate.swift; sourceTree = "<group>"; };
		EF41B90125894DBE002D94B4 /* Assets.xcassets */ = {isa = PBXFileReference; lastKnownFileType = folder.assetcatalog; path = Assets.xcassets; sourceTree = "<group>"; };
		EF41B90425894DBE002D94B4 /* Base */ = {isa = PBXFileReference; lastKnownFileType = file.storyboard; name = Base; path = Base.lproj/LaunchScreen.storyboard; sourceTree = "<group>"; };
		EF41B90625894DBE002D94B4 /* Info.plist */ = {isa = PBXFileReference; lastKnownFileType = text.plist.xml; path = Info.plist; sourceTree = "<group>"; };
		EF41B90B25894DBE002D94B4 /* GHFollowersRepetition2Tests.xctest */ = {isa = PBXFileReference; explicitFileType = wrapper.cfbundle; includeInIndex = 0; path = GHFollowersRepetition2Tests.xctest; sourceTree = BUILT_PRODUCTS_DIR; };
		EF41B90F25894DBE002D94B4 /* GHFollowersRepetition2Tests.swift */ = {isa = PBXFileReference; lastKnownFileType = sourcecode.swift; path = GHFollowersRepetition2Tests.swift; sourceTree = "<group>"; };
		EF41B91125894DBE002D94B4 /* Info.plist */ = {isa = PBXFileReference; lastKnownFileType = text.plist.xml; path = Info.plist; sourceTree = "<group>"; };
		EF41B91625894DBE002D94B4 /* GHFollowersRepetition2UITests.xctest */ = {isa = PBXFileReference; explicitFileType = wrapper.cfbundle; includeInIndex = 0; path = GHFollowersRepetition2UITests.xctest; sourceTree = BUILT_PRODUCTS_DIR; };
		EF41B91A25894DBE002D94B4 /* GHFollowersRepetition2UITests.swift */ = {isa = PBXFileReference; lastKnownFileType = sourcecode.swift; path = GHFollowersRepetition2UITests.swift; sourceTree = "<group>"; };
		EF41B91C25894DBE002D94B4 /* Info.plist */ = {isa = PBXFileReference; lastKnownFileType = text.plist.xml; path = Info.plist; sourceTree = "<group>"; };
		EF41B93E25894EBA002D94B4 /* SearchVC.swift */ = {isa = PBXFileReference; lastKnownFileType = sourcecode.swift; path = SearchVC.swift; sourceTree = "<group>"; };
		EF41B94625894EC3002D94B4 /* FavoritesVC.swift */ = {isa = PBXFileReference; lastKnownFileType = sourcecode.swift; path = FavoritesVC.swift; sourceTree = "<group>"; };
		EF41B9512589513D002D94B4 /* GFTextField.swift */ = {isa = PBXFileReference; lastKnownFileType = sourcecode.swift; path = GFTextField.swift; sourceTree = "<group>"; };
		EF41B95B2589526A002D94B4 /* GFButton.swift */ = {isa = PBXFileReference; lastKnownFileType = sourcecode.swift; path = GFButton.swift; sourceTree = "<group>"; };
		EF59C53A258959EA002FDE69 /* UIViewController+EXT.swift */ = {isa = PBXFileReference; lastKnownFileType = sourcecode.swift; path = "UIViewController+EXT.swift"; sourceTree = "<group>"; };
		EF59C54925895A3B002FDE69 /* GFBodyLabel.swift */ = {isa = PBXFileReference; lastKnownFileType = sourcecode.swift; path = GFBodyLabel.swift; sourceTree = "<group>"; };
		EF59C55125895B40002FDE69 /* GFTitleLabel.swift */ = {isa = PBXFileReference; lastKnownFileType = sourcecode.swift; path = GFTitleLabel.swift; sourceTree = "<group>"; };
		EF59C55725895E0C002FDE69 /* GFAlertVC.swift */ = {isa = PBXFileReference; lastKnownFileType = sourcecode.swift; path = GFAlertVC.swift; sourceTree = "<group>"; };
		EF59C562258967D1002FDE69 /* Follower.swift */ = {isa = PBXFileReference; lastKnownFileType = sourcecode.swift; path = Follower.swift; sourceTree = "<group>"; };
		EF59C5672589682F002FDE69 /* NetworkManager.swift */ = {isa = PBXFileReference; lastKnownFileType = sourcecode.swift; path = NetworkManager.swift; sourceTree = "<group>"; };
		EF59C56C258968C2002FDE69 /* GFError.swift */ = {isa = PBXFileReference; lastKnownFileType = sourcecode.swift; path = GFError.swift; sourceTree = "<group>"; };
		EF59C57125896EF1002FDE69 /* UIHelper.swift */ = {isa = PBXFileReference; lastKnownFileType = sourcecode.swift; path = UIHelper.swift; sourceTree = "<group>"; };
		EF59C57725896F95002FDE69 /* FollowerCell.swift */ = {isa = PBXFileReference; lastKnownFileType = sourcecode.swift; path = FollowerCell.swift; sourceTree = "<group>"; };
		EF59C57F258970B9002FDE69 /* GFAvatarImageView.swift */ = {isa = PBXFileReference; lastKnownFileType = sourcecode.swift; path = GFAvatarImageView.swift; sourceTree = "<group>"; };
		EF59C58425898B01002FDE69 /* GFEmptyStateView.swift */ = {isa = PBXFileReference; lastKnownFileType = sourcecode.swift; path = GFEmptyStateView.swift; sourceTree = "<group>"; };
		EF5CD1FA25CB0CC2002671D0 /* FollowersCollectionHeaderView.swift */ = {isa = PBXFileReference; lastKnownFileType = sourcecode.swift; path = FollowersCollectionHeaderView.swift; sourceTree = "<group>"; };
		EF6B0A6A2675F4AE002B9A6E /* FollowerListVC.swift */ = {isa = PBXFileReference; lastKnownFileType = sourcecode.swift; path = FollowerListVC.swift; sourceTree = "<group>"; };
		EF703B5D26748E9A00197DFD /* GF15ButtonTinted.swift */ = {isa = PBXFileReference; lastKnownFileType = sourcecode.swift; path = GF15ButtonTinted.swift; sourceTree = "<group>"; };
		EF703B5F2674952A00197DFD /* GF15ButtonFilled.swift */ = {isa = PBXFileReference; lastKnownFileType = sourcecode.swift; path = GF15ButtonFilled.swift; sourceTree = "<group>"; };
		EF79DFFC260E0425001B410D /* NetworkCallUnitTest.swift */ = {isa = PBXFileReference; lastKnownFileType = sourcecode.swift; path = NetworkCallUnitTest.swift; sourceTree = "<group>"; };
		EF7AFDA6258BE6D200AC8A56 /* Dates+ext.swift */ = {isa = PBXFileReference; lastKnownFileType = sourcecode.swift; path = "Dates+ext.swift"; sourceTree = "<group>"; };
		EF7AFDAB258BE6DC00AC8A56 /* String+ext.swift */ = {isa = PBXFileReference; lastKnownFileType = sourcecode.swift; path = "String+ext.swift"; sourceTree = "<group>"; };
		EF8183F2258BCF8A003ABD1E /* GFItemInfoVC.swift */ = {isa = PBXFileReference; lastKnownFileType = sourcecode.swift; path = GFItemInfoVC.swift; sourceTree = "<group>"; };
		EF818400258BD271003ABD1E /* GFRepoItemVC.swift */ = {isa = PBXFileReference; lastKnownFileType = sourcecode.swift; path = GFRepoItemVC.swift; sourceTree = "<group>"; };
		EF818405258BD469003ABD1E /* GFFollowerItemVC.swift */ = {isa = PBXFileReference; lastKnownFileType = sourcecode.swift; path = GFFollowerItemVC.swift; sourceTree = "<group>"; };
		EFA57B0C258F8E6200369121 /* PersistenceManager.swift */ = {isa = PBXFileReference; lastKnownFileType = sourcecode.swift; path = PersistenceManager.swift; sourceTree = "<group>"; };
		EFA57B27258F9BB200369121 /* FavoriteCell.swift */ = {isa = PBXFileReference; lastKnownFileType = sourcecode.swift; path = FavoriteCell.swift; sourceTree = "<group>"; };
		EFA708F3258A353000B52D95 /* UserInfoVC.swift */ = {isa = PBXFileReference; lastKnownFileType = sourcecode.swift; path = UserInfoVC.swift; sourceTree = "<group>"; };
		EFA708F8258A385C00B52D95 /* User.swift */ = {isa = PBXFileReference; lastKnownFileType = sourcecode.swift; path = User.swift; sourceTree = "<group>"; };
		EFA708FD258A4F3500B52D95 /* GFUserInfoHeaderVC.swift */ = {isa = PBXFileReference; lastKnownFileType = sourcecode.swift; path = GFUserInfoHeaderVC.swift; sourceTree = "<group>"; };
		EFA70902258A4F6D00B52D95 /* GFSecondaryTitleLabel.swift */ = {isa = PBXFileReference; lastKnownFileType = sourcecode.swift; path = GFSecondaryTitleLabel.swift; sourceTree = "<group>"; };
		EFA70907258A552900B52D95 /* Constants.swift */ = {isa = PBXFileReference; lastKnownFileType = sourcecode.swift; path = Constants.swift; sourceTree = "<group>"; };
/* End PBXFileReference section */

/* Begin PBXFrameworksBuildPhase section */
		EF41B8F225894DBD002D94B4 /* Frameworks */ = {
			isa = PBXFrameworksBuildPhase;
			buildActionMask = 2147483647;
			files = (
			);
			runOnlyForDeploymentPostprocessing = 0;
		};
		EF41B90825894DBE002D94B4 /* Frameworks */ = {
			isa = PBXFrameworksBuildPhase;
			buildActionMask = 2147483647;
			files = (
			);
			runOnlyForDeploymentPostprocessing = 0;
		};
		EF41B91325894DBE002D94B4 /* Frameworks */ = {
			isa = PBXFrameworksBuildPhase;
			buildActionMask = 2147483647;
			files = (
			);
			runOnlyForDeploymentPostprocessing = 0;
		};
/* End PBXFrameworksBuildPhase section */

/* Begin PBXGroup section */
		EF022CDE26232D7800669EDE /* CustomViewsTests */ = {
			isa = PBXGroup;
			children = (
				EF022CD926232C9800669EDE /* GFItemInfoViewTests.swift */,
				EF022CD426232BDB00669EDE /* GFAlertVCTests.swift */,
				EF022CCF26232B6600669EDE /* GFTextFieldTests.swift */,
				EF022CEF2623352A00669EDE /* GFUserInfoHeaderVCTests.swift */,
				EF022CF42623361D00669EDE /* CellTests.swift */,
				EF022CF92623372F00669EDE /* GFItemInfoVCTests.swift */,
				EF022D0626233A8E00669EDE /* GFEmptyStateViewTests.swift */,
				EF022D0B26233B4700669EDE /* UserInfoVCTests.swift */,
				EF022D1026233D5F00669EDE /* FollowersCollectionHeaderViewTests.swift */,
			);
			path = CustomViewsTests;
			sourceTree = "<group>";
		};
		EF022CDF26232D8900669EDE /* NetworkCallsTests */ = {
			isa = PBXGroup;
			children = (
				EF79DFFC260E0425001B410D /* NetworkCallUnitTest.swift */,
			);
			path = NetworkCallsTests;
			sourceTree = "<group>";
		};
		EF022CE626232D9700669EDE /* ScreensTests */ = {
			isa = PBXGroup;
			children = (
				EF022CCA262327C300669EDE /* SearchVCTests.swift */,
				EF022CE726232DAD00669EDE /* FollowersListVCTests.swift */,
				EF022D012623393F00669EDE /* FavoritesVCTests.swift */,
			);
			path = ScreensTests;
			sourceTree = "<group>";
		};
		EF022D592624857E00669EDE /* Coordinator */ = {
			isa = PBXGroup;
			children = (
				EF022D5A2624859100669EDE /* Coordinator.swift */,
				EF022D62262485E900669EDE /* MainCoordinator.swift */,
			);
			path = Coordinator;
			sourceTree = "<group>";
		};
		EF41B8EC25894DBD002D94B4 = {
			isa = PBXGroup;
			children = (
				EF41B8F725894DBD002D94B4 /* GHFollowersRepetition2 */,
				EF41B90E25894DBE002D94B4 /* GHFollowersRepetition2Tests */,
				EF41B91925894DBE002D94B4 /* GHFollowersRepetition2UITests */,
				EF41B8F625894DBD002D94B4 /* Products */,
			);
			sourceTree = "<group>";
		};
		EF41B8F625894DBD002D94B4 /* Products */ = {
			isa = PBXGroup;
			children = (
				EF41B8F525894DBD002D94B4 /* GHFollowersRepetition2.app */,
				EF41B90B25894DBE002D94B4 /* GHFollowersRepetition2Tests.xctest */,
				EF41B91625894DBE002D94B4 /* GHFollowersRepetition2UITests.xctest */,
			);
			name = Products;
			sourceTree = "<group>";
		};
		EF41B8F725894DBD002D94B4 /* GHFollowersRepetition2 */ = {
			isa = PBXGroup;
			children = (
				EF022D592624857E00669EDE /* Coordinator */,
				EF41B90625894DBE002D94B4 /* Info.plist */,
				EF41B93525894E05002D94B4 /* Manager */,
				EF41B93425894E01002D94B4 /* Model */,
				EF41B93325894DF9002D94B4 /* Utilities */,
				EF41B93625894E09002D94B4 /* CustomViews */,
				EF59C55625895DFE002FDE69 /* ViewControllers */,
				EF41B92E25894DD2002D94B4 /* Screens */,
				EF41B93225894DE6002D94B4 /* Support */,
			);
			path = GHFollowersRepetition2;
			sourceTree = "<group>";
		};
		EF41B90E25894DBE002D94B4 /* GHFollowersRepetition2Tests */ = {
			isa = PBXGroup;
			children = (
				EF022CE626232D9700669EDE /* ScreensTests */,
				EF022CDF26232D8900669EDE /* NetworkCallsTests */,
				EF022CDE26232D7800669EDE /* CustomViewsTests */,
				EF41B90F25894DBE002D94B4 /* GHFollowersRepetition2Tests.swift */,
				EF41B91125894DBE002D94B4 /* Info.plist */,
			);
			path = GHFollowersRepetition2Tests;
			sourceTree = "<group>";
		};
		EF41B91925894DBE002D94B4 /* GHFollowersRepetition2UITests */ = {
			isa = PBXGroup;
			children = (
				EF41B91A25894DBE002D94B4 /* GHFollowersRepetition2UITests.swift */,
				EF41B91C25894DBE002D94B4 /* Info.plist */,
			);
			path = GHFollowersRepetition2UITests;
			sourceTree = "<group>";
		};
		EF41B92E25894DD2002D94B4 /* Screens */ = {
			isa = PBXGroup;
			children = (
				EF41B93E25894EBA002D94B4 /* SearchVC.swift */,
				EF41B94625894EC3002D94B4 /* FavoritesVC.swift */,
				EFA708F3258A353000B52D95 /* UserInfoVC.swift */,
				EF6B0A6A2675F4AE002B9A6E /* FollowerListVC.swift */,
			);
			path = Screens;
			sourceTree = "<group>";
		};
		EF41B93225894DE6002D94B4 /* Support */ = {
			isa = PBXGroup;
			children = (
				EF41B90125894DBE002D94B4 /* Assets.xcassets */,
				EF41B8FA25894DBD002D94B4 /* SceneDelegate.swift */,
				EF41B8F825894DBD002D94B4 /* AppDelegate.swift */,
				EF41B90325894DBE002D94B4 /* LaunchScreen.storyboard */,
			);
			path = Support;
			sourceTree = "<group>";
		};
		EF41B93325894DF9002D94B4 /* Utilities */ = {
			isa = PBXGroup;
			children = (
				EF7AFDB0258BE6E000AC8A56 /* Extension */,
				EF59C56C258968C2002FDE69 /* GFError.swift */,
				EF59C57125896EF1002FDE69 /* UIHelper.swift */,
				EFA70907258A552900B52D95 /* Constants.swift */,
			);
			path = Utilities;
			sourceTree = "<group>";
		};
		EF41B93425894E01002D94B4 /* Model */ = {
			isa = PBXGroup;
			children = (
				EF59C562258967D1002FDE69 /* Follower.swift */,
				EFA708F8258A385C00B52D95 /* User.swift */,
			);
			path = Model;
			sourceTree = "<group>";
		};
		EF41B93525894E05002D94B4 /* Manager */ = {
			isa = PBXGroup;
			children = (
				EF59C5672589682F002FDE69 /* NetworkManager.swift */,
				EFA57B0C258F8E6200369121 /* PersistenceManager.swift */,
			);
			path = Manager;
			sourceTree = "<group>";
		};
		EF41B93625894E09002D94B4 /* CustomViews */ = {
			isa = PBXGroup;
			children = (
				EF59C57625896F82002FDE69 /* Cell */,
				EF5CD1F925CB0C6D002671D0 /* CollectionReusableView */,
				EFFA0681258B9085008CA770 /* ImageViews */,
				EF59C54825895A1F002FDE69 /* Labels */,
				EF41B95625895254002D94B4 /* TextFields */,
				EF41B9572589525B002D94B4 /* Buttons */,
				EF59C53F258959F2002FDE69 /* Views */,
			);
			path = CustomViews;
			sourceTree = "<group>";
		};
		EF41B95625895254002D94B4 /* TextFields */ = {
			isa = PBXGroup;
			children = (
				EF41B9512589513D002D94B4 /* GFTextField.swift */,
			);
			path = TextFields;
			sourceTree = "<group>";
		};
		EF41B9572589525B002D94B4 /* Buttons */ = {
			isa = PBXGroup;
			children = (
				EF41B95B2589526A002D94B4 /* GFButton.swift */,
				EF703B5D26748E9A00197DFD /* GF15ButtonTinted.swift */,
				EF703B5F2674952A00197DFD /* GF15ButtonFilled.swift */,
			);
			path = Buttons;
			sourceTree = "<group>";
		};
		EF59C53F258959F2002FDE69 /* Views */ = {
			isa = PBXGroup;
			children = (
				EF59C58425898B01002FDE69 /* GFEmptyStateView.swift */,
				EF039115258AA23400C0536C /* GFItemInfoView.swift */,
			);
			path = Views;
			sourceTree = "<group>";
		};
		EF59C54825895A1F002FDE69 /* Labels */ = {
			isa = PBXGroup;
			children = (
				EF59C54925895A3B002FDE69 /* GFBodyLabel.swift */,
				EF59C55125895B40002FDE69 /* GFTitleLabel.swift */,
				EFA70902258A4F6D00B52D95 /* GFSecondaryTitleLabel.swift */,
			);
			path = Labels;
			sourceTree = "<group>";
		};
		EF59C55625895DFE002FDE69 /* ViewControllers */ = {
			isa = PBXGroup;
			children = (
				EF59C55725895E0C002FDE69 /* GFAlertVC.swift */,
				EFA708FD258A4F3500B52D95 /* GFUserInfoHeaderVC.swift */,
				EF8183F7258BD1CE003ABD1E /* ItemInfoVCs */,
			);
			path = ViewControllers;
			sourceTree = "<group>";
		};
		EF59C57625896F82002FDE69 /* Cell */ = {
			isa = PBXGroup;
			children = (
				EF59C57725896F95002FDE69 /* FollowerCell.swift */,
				EFA57B27258F9BB200369121 /* FavoriteCell.swift */,
			);
			path = Cell;
			sourceTree = "<group>";
		};
		EF5CD1F925CB0C6D002671D0 /* CollectionReusableView */ = {
			isa = PBXGroup;
			children = (
				EF5CD1FA25CB0CC2002671D0 /* FollowersCollectionHeaderView.swift */,
			);
			path = CollectionReusableView;
			sourceTree = "<group>";
		};
		EF7AFDB0258BE6E000AC8A56 /* Extension */ = {
			isa = PBXGroup;
			children = (
				EF7AFDAB258BE6DC00AC8A56 /* String+ext.swift */,
				EF7AFDA6258BE6D200AC8A56 /* Dates+ext.swift */,
				EF59C53A258959EA002FDE69 /* UIViewController+EXT.swift */,
			);
			path = Extension;
			sourceTree = "<group>";
		};
		EF8183F7258BD1CE003ABD1E /* ItemInfoVCs */ = {
			isa = PBXGroup;
			children = (
				EF8183FB258BD1E5003ABD1E /* Superclass */,
				EF8183FC258BD1EE003ABD1E /* Subclass */,
			);
			path = ItemInfoVCs;
			sourceTree = "<group>";
		};
		EF8183FB258BD1E5003ABD1E /* Superclass */ = {
			isa = PBXGroup;
			children = (
				EF8183F2258BCF8A003ABD1E /* GFItemInfoVC.swift */,
			);
			path = Superclass;
			sourceTree = "<group>";
		};
		EF8183FC258BD1EE003ABD1E /* Subclass */ = {
			isa = PBXGroup;
			children = (
				EF818400258BD271003ABD1E /* GFRepoItemVC.swift */,
				EF818405258BD469003ABD1E /* GFFollowerItemVC.swift */,
			);
			path = Subclass;
			sourceTree = "<group>";
		};
		EFFA0681258B9085008CA770 /* ImageViews */ = {
			isa = PBXGroup;
			children = (
				EF59C57F258970B9002FDE69 /* GFAvatarImageView.swift */,
			);
			path = ImageViews;
			sourceTree = "<group>";
		};
/* End PBXGroup section */

/* Begin PBXNativeTarget section */
		EF41B8F425894DBD002D94B4 /* GHFollowersRepetition2 */ = {
			isa = PBXNativeTarget;
			buildConfigurationList = EF41B91F25894DBE002D94B4 /* Build configuration list for PBXNativeTarget "GHFollowersRepetition2" */;
			buildPhases = (
				EF41B8F125894DBD002D94B4 /* Sources */,
				EF41B8F225894DBD002D94B4 /* Frameworks */,
				EF41B8F325894DBD002D94B4 /* Resources */,
			);
			buildRules = (
			);
			dependencies = (
			);
			name = GHFollowersRepetition2;
			productName = GHFollowersRepetition2;
			productReference = EF41B8F525894DBD002D94B4 /* GHFollowersRepetition2.app */;
			productType = "com.apple.product-type.application";
		};
		EF41B90A25894DBE002D94B4 /* GHFollowersRepetition2Tests */ = {
			isa = PBXNativeTarget;
			buildConfigurationList = EF41B92225894DBE002D94B4 /* Build configuration list for PBXNativeTarget "GHFollowersRepetition2Tests" */;
			buildPhases = (
				EF41B90725894DBE002D94B4 /* Sources */,
				EF41B90825894DBE002D94B4 /* Frameworks */,
				EF41B90925894DBE002D94B4 /* Resources */,
			);
			buildRules = (
			);
			dependencies = (
				EF41B90D25894DBE002D94B4 /* PBXTargetDependency */,
			);
			name = GHFollowersRepetition2Tests;
			productName = GHFollowersRepetition2Tests;
			productReference = EF41B90B25894DBE002D94B4 /* GHFollowersRepetition2Tests.xctest */;
			productType = "com.apple.product-type.bundle.unit-test";
		};
		EF41B91525894DBE002D94B4 /* GHFollowersRepetition2UITests */ = {
			isa = PBXNativeTarget;
			buildConfigurationList = EF41B92525894DBE002D94B4 /* Build configuration list for PBXNativeTarget "GHFollowersRepetition2UITests" */;
			buildPhases = (
				EF41B91225894DBE002D94B4 /* Sources */,
				EF41B91325894DBE002D94B4 /* Frameworks */,
				EF41B91425894DBE002D94B4 /* Resources */,
			);
			buildRules = (
			);
			dependencies = (
				EF41B91825894DBE002D94B4 /* PBXTargetDependency */,
			);
			name = GHFollowersRepetition2UITests;
			productName = GHFollowersRepetition2UITests;
			productReference = EF41B91625894DBE002D94B4 /* GHFollowersRepetition2UITests.xctest */;
			productType = "com.apple.product-type.bundle.ui-testing";
		};
/* End PBXNativeTarget section */

/* Begin PBXProject section */
		EF41B8ED25894DBD002D94B4 /* Project object */ = {
			isa = PBXProject;
			attributes = {
				LastSwiftUpdateCheck = 1230;
				LastUpgradeCheck = 1230;
				TargetAttributes = {
					EF41B8F425894DBD002D94B4 = {
						CreatedOnToolsVersion = 12.3;
					};
					EF41B90A25894DBE002D94B4 = {
						CreatedOnToolsVersion = 12.3;
						TestTargetID = EF41B8F425894DBD002D94B4;
					};
					EF41B91525894DBE002D94B4 = {
						CreatedOnToolsVersion = 12.3;
						TestTargetID = EF41B8F425894DBD002D94B4;
					};
				};
			};
			buildConfigurationList = EF41B8F025894DBD002D94B4 /* Build configuration list for PBXProject "GHFollowersRepetition2" */;
			compatibilityVersion = "Xcode 9.3";
			developmentRegion = en;
			hasScannedForEncodings = 0;
			knownRegions = (
				en,
				Base,
			);
			mainGroup = EF41B8EC25894DBD002D94B4;
			productRefGroup = EF41B8F625894DBD002D94B4 /* Products */;
			projectDirPath = "";
			projectRoot = "";
			targets = (
				EF41B8F425894DBD002D94B4 /* GHFollowersRepetition2 */,
				EF41B90A25894DBE002D94B4 /* GHFollowersRepetition2Tests */,
				EF41B91525894DBE002D94B4 /* GHFollowersRepetition2UITests */,
			);
		};
/* End PBXProject section */

/* Begin PBXResourcesBuildPhase section */
		EF41B8F325894DBD002D94B4 /* Resources */ = {
			isa = PBXResourcesBuildPhase;
			buildActionMask = 2147483647;
			files = (
				EF41B90525894DBE002D94B4 /* LaunchScreen.storyboard in Resources */,
				EF41B90225894DBE002D94B4 /* Assets.xcassets in Resources */,
			);
			runOnlyForDeploymentPostprocessing = 0;
		};
		EF41B90925894DBE002D94B4 /* Resources */ = {
			isa = PBXResourcesBuildPhase;
			buildActionMask = 2147483647;
			files = (
			);
			runOnlyForDeploymentPostprocessing = 0;
		};
		EF41B91425894DBE002D94B4 /* Resources */ = {
			isa = PBXResourcesBuildPhase;
			buildActionMask = 2147483647;
			files = (
			);
			runOnlyForDeploymentPostprocessing = 0;
		};
/* End PBXResourcesBuildPhase section */

/* Begin PBXSourcesBuildPhase section */
		EF41B8F125894DBD002D94B4 /* Sources */ = {
			isa = PBXSourcesBuildPhase;
			buildActionMask = 2147483647;
			files = (
				EF41B94725894EC3002D94B4 /* FavoritesVC.swift in Sources */,
				EF59C56D258968C2002FDE69 /* GFError.swift in Sources */,
				EF5CD1FB25CB0CC2002671D0 /* FollowersCollectionHeaderView.swift in Sources */,
				EF59C55225895B40002FDE69 /* GFTitleLabel.swift in Sources */,
				EF59C5682589682F002FDE69 /* NetworkManager.swift in Sources */,
				EF59C580258970B9002FDE69 /* GFAvatarImageView.swift in Sources */,
				EF8183F3258BCF8A003ABD1E /* GFItemInfoVC.swift in Sources */,
				EFA70908258A552900B52D95 /* Constants.swift in Sources */,
				EF703B5E26748E9A00197DFD /* GF15ButtonTinted.swift in Sources */,
				EF6B0A6B2675F4AE002B9A6E /* FollowerListVC.swift in Sources */,
				EF59C55825895E0C002FDE69 /* GFAlertVC.swift in Sources */,
				EF41B93F25894EBA002D94B4 /* SearchVC.swift in Sources */,
				EFA708F9258A385C00B52D95 /* User.swift in Sources */,
				EF818406258BD469003ABD1E /* GFFollowerItemVC.swift in Sources */,
				EF039116258AA23400C0536C /* GFItemInfoView.swift in Sources */,
				EF59C57825896F95002FDE69 /* FollowerCell.swift in Sources */,
				EF59C58525898B01002FDE69 /* GFEmptyStateView.swift in Sources */,
				EF7AFDA7258BE6D200AC8A56 /* Dates+ext.swift in Sources */,
				EF022D63262485E900669EDE /* MainCoordinator.swift in Sources */,
				EF022D5B2624859100669EDE /* Coordinator.swift in Sources */,
				EF7AFDAC258BE6DC00AC8A56 /* String+ext.swift in Sources */,
				EFA708FE258A4F3500B52D95 /* GFUserInfoHeaderVC.swift in Sources */,
				EF41B95C2589526A002D94B4 /* GFButton.swift in Sources */,
				EFA57B28258F9BB200369121 /* FavoriteCell.swift in Sources */,
				EF703B602674952A00197DFD /* GF15ButtonFilled.swift in Sources */,
				EF59C57225896EF1002FDE69 /* UIHelper.swift in Sources */,
				EF41B9522589513D002D94B4 /* GFTextField.swift in Sources */,
				EFA57B0D258F8E6200369121 /* PersistenceManager.swift in Sources */,
				EFA70903258A4F6D00B52D95 /* GFSecondaryTitleLabel.swift in Sources */,
				EFA708F4258A353000B52D95 /* UserInfoVC.swift in Sources */,
				EF59C563258967D1002FDE69 /* Follower.swift in Sources */,
				EF41B8F925894DBD002D94B4 /* AppDelegate.swift in Sources */,
				EF59C53B258959EA002FDE69 /* UIViewController+EXT.swift in Sources */,
				EF41B8FB25894DBD002D94B4 /* SceneDelegate.swift in Sources */,
				EF818401258BD271003ABD1E /* GFRepoItemVC.swift in Sources */,
				EF59C54A25895A3B002FDE69 /* GFBodyLabel.swift in Sources */,
			);
			runOnlyForDeploymentPostprocessing = 0;
		};
		EF41B90725894DBE002D94B4 /* Sources */ = {
			isa = PBXSourcesBuildPhase;
			buildActionMask = 2147483647;
			files = (
				EF022CF52623361D00669EDE /* CellTests.swift in Sources */,
				EF022D0726233A8E00669EDE /* GFEmptyStateViewTests.swift in Sources */,
				EF022CDA26232C9800669EDE /* GFItemInfoViewTests.swift in Sources */,
				EF022CFA2623372F00669EDE /* GFItemInfoVCTests.swift in Sources */,
				EF022CCB262327C300669EDE /* SearchVCTests.swift in Sources */,
				EF022D1126233D5F00669EDE /* FollowersCollectionHeaderViewTests.swift in Sources */,
				EF79DFFD260E0425001B410D /* NetworkCallUnitTest.swift in Sources */,
				EF022CD526232BDB00669EDE /* GFAlertVCTests.swift in Sources */,
				EF022D0C26233B4700669EDE /* UserInfoVCTests.swift in Sources */,
				EF022CD026232B6600669EDE /* GFTextFieldTests.swift in Sources */,
				EF022D022623393F00669EDE /* FavoritesVCTests.swift in Sources */,
				EF022CF02623352A00669EDE /* GFUserInfoHeaderVCTests.swift in Sources */,
				EF022CE826232DAD00669EDE /* FollowersListVCTests.swift in Sources */,
				EF41B91025894DBE002D94B4 /* GHFollowersRepetition2Tests.swift in Sources */,
			);
			runOnlyForDeploymentPostprocessing = 0;
		};
		EF41B91225894DBE002D94B4 /* Sources */ = {
			isa = PBXSourcesBuildPhase;
			buildActionMask = 2147483647;
			files = (
				EF41B91B25894DBE002D94B4 /* GHFollowersRepetition2UITests.swift in Sources */,
			);
			runOnlyForDeploymentPostprocessing = 0;
		};
/* End PBXSourcesBuildPhase section */

/* Begin PBXTargetDependency section */
		EF41B90D25894DBE002D94B4 /* PBXTargetDependency */ = {
			isa = PBXTargetDependency;
			target = EF41B8F425894DBD002D94B4 /* GHFollowersRepetition2 */;
			targetProxy = EF41B90C25894DBE002D94B4 /* PBXContainerItemProxy */;
		};
		EF41B91825894DBE002D94B4 /* PBXTargetDependency */ = {
			isa = PBXTargetDependency;
			target = EF41B8F425894DBD002D94B4 /* GHFollowersRepetition2 */;
			targetProxy = EF41B91725894DBE002D94B4 /* PBXContainerItemProxy */;
		};
/* End PBXTargetDependency section */

/* Begin PBXVariantGroup section */
		EF41B90325894DBE002D94B4 /* LaunchScreen.storyboard */ = {
			isa = PBXVariantGroup;
			children = (
				EF41B90425894DBE002D94B4 /* Base */,
			);
			name = LaunchScreen.storyboard;
			sourceTree = "<group>";
		};
/* End PBXVariantGroup section */

/* Begin XCBuildConfiguration section */
		EF41B91D25894DBE002D94B4 /* Debug */ = {
			isa = XCBuildConfiguration;
			buildSettings = {
				ALWAYS_SEARCH_USER_PATHS = NO;
				CLANG_ANALYZER_NONNULL = YES;
				CLANG_ANALYZER_NUMBER_OBJECT_CONVERSION = YES_AGGRESSIVE;
				CLANG_CXX_LANGUAGE_STANDARD = "gnu++14";
				CLANG_CXX_LIBRARY = "libc++";
				CLANG_ENABLE_MODULES = YES;
				CLANG_ENABLE_OBJC_ARC = YES;
				CLANG_ENABLE_OBJC_WEAK = YES;
				CLANG_WARN_BLOCK_CAPTURE_AUTORELEASING = YES;
				CLANG_WARN_BOOL_CONVERSION = YES;
				CLANG_WARN_COMMA = YES;
				CLANG_WARN_CONSTANT_CONVERSION = YES;
				CLANG_WARN_DEPRECATED_OBJC_IMPLEMENTATIONS = YES;
				CLANG_WARN_DIRECT_OBJC_ISA_USAGE = YES_ERROR;
				CLANG_WARN_DOCUMENTATION_COMMENTS = YES;
				CLANG_WARN_EMPTY_BODY = YES;
				CLANG_WARN_ENUM_CONVERSION = YES;
				CLANG_WARN_INFINITE_RECURSION = YES;
				CLANG_WARN_INT_CONVERSION = YES;
				CLANG_WARN_NON_LITERAL_NULL_CONVERSION = YES;
				CLANG_WARN_OBJC_IMPLICIT_RETAIN_SELF = YES;
				CLANG_WARN_OBJC_LITERAL_CONVERSION = YES;
				CLANG_WARN_OBJC_ROOT_CLASS = YES_ERROR;
				CLANG_WARN_QUOTED_INCLUDE_IN_FRAMEWORK_HEADER = YES;
				CLANG_WARN_RANGE_LOOP_ANALYSIS = YES;
				CLANG_WARN_STRICT_PROTOTYPES = YES;
				CLANG_WARN_SUSPICIOUS_MOVE = YES;
				CLANG_WARN_UNGUARDED_AVAILABILITY = YES_AGGRESSIVE;
				CLANG_WARN_UNREACHABLE_CODE = YES;
				CLANG_WARN__DUPLICATE_METHOD_MATCH = YES;
				COPY_PHASE_STRIP = NO;
				DEBUG_INFORMATION_FORMAT = dwarf;
				ENABLE_STRICT_OBJC_MSGSEND = YES;
				ENABLE_TESTABILITY = YES;
				GCC_C_LANGUAGE_STANDARD = gnu11;
				GCC_DYNAMIC_NO_PIC = NO;
				GCC_NO_COMMON_BLOCKS = YES;
				GCC_OPTIMIZATION_LEVEL = 0;
				GCC_PREPROCESSOR_DEFINITIONS = (
					"DEBUG=1",
					"$(inherited)",
				);
				GCC_WARN_64_TO_32_BIT_CONVERSION = YES;
				GCC_WARN_ABOUT_RETURN_TYPE = YES_ERROR;
				GCC_WARN_UNDECLARED_SELECTOR = YES;
				GCC_WARN_UNINITIALIZED_AUTOS = YES_AGGRESSIVE;
				GCC_WARN_UNUSED_FUNCTION = YES;
				GCC_WARN_UNUSED_VARIABLE = YES;
				IPHONEOS_DEPLOYMENT_TARGET = 14.3;
				MTL_ENABLE_DEBUG_INFO = INCLUDE_SOURCE;
				MTL_FAST_MATH = YES;
				ONLY_ACTIVE_ARCH = YES;
				SDKROOT = iphoneos;
				SWIFT_ACTIVE_COMPILATION_CONDITIONS = DEBUG;
				SWIFT_OPTIMIZATION_LEVEL = "-Onone";
			};
			name = Debug;
		};
		EF41B91E25894DBE002D94B4 /* Release */ = {
			isa = XCBuildConfiguration;
			buildSettings = {
				ALWAYS_SEARCH_USER_PATHS = NO;
				CLANG_ANALYZER_NONNULL = YES;
				CLANG_ANALYZER_NUMBER_OBJECT_CONVERSION = YES_AGGRESSIVE;
				CLANG_CXX_LANGUAGE_STANDARD = "gnu++14";
				CLANG_CXX_LIBRARY = "libc++";
				CLANG_ENABLE_MODULES = YES;
				CLANG_ENABLE_OBJC_ARC = YES;
				CLANG_ENABLE_OBJC_WEAK = YES;
				CLANG_WARN_BLOCK_CAPTURE_AUTORELEASING = YES;
				CLANG_WARN_BOOL_CONVERSION = YES;
				CLANG_WARN_COMMA = YES;
				CLANG_WARN_CONSTANT_CONVERSION = YES;
				CLANG_WARN_DEPRECATED_OBJC_IMPLEMENTATIONS = YES;
				CLANG_WARN_DIRECT_OBJC_ISA_USAGE = YES_ERROR;
				CLANG_WARN_DOCUMENTATION_COMMENTS = YES;
				CLANG_WARN_EMPTY_BODY = YES;
				CLANG_WARN_ENUM_CONVERSION = YES;
				CLANG_WARN_INFINITE_RECURSION = YES;
				CLANG_WARN_INT_CONVERSION = YES;
				CLANG_WARN_NON_LITERAL_NULL_CONVERSION = YES;
				CLANG_WARN_OBJC_IMPLICIT_RETAIN_SELF = YES;
				CLANG_WARN_OBJC_LITERAL_CONVERSION = YES;
				CLANG_WARN_OBJC_ROOT_CLASS = YES_ERROR;
				CLANG_WARN_QUOTED_INCLUDE_IN_FRAMEWORK_HEADER = YES;
				CLANG_WARN_RANGE_LOOP_ANALYSIS = YES;
				CLANG_WARN_STRICT_PROTOTYPES = YES;
				CLANG_WARN_SUSPICIOUS_MOVE = YES;
				CLANG_WARN_UNGUARDED_AVAILABILITY = YES_AGGRESSIVE;
				CLANG_WARN_UNREACHABLE_CODE = YES;
				CLANG_WARN__DUPLICATE_METHOD_MATCH = YES;
				COPY_PHASE_STRIP = NO;
				DEBUG_INFORMATION_FORMAT = "dwarf-with-dsym";
				ENABLE_NS_ASSERTIONS = NO;
				ENABLE_STRICT_OBJC_MSGSEND = YES;
				GCC_C_LANGUAGE_STANDARD = gnu11;
				GCC_NO_COMMON_BLOCKS = YES;
				GCC_WARN_64_TO_32_BIT_CONVERSION = YES;
				GCC_WARN_ABOUT_RETURN_TYPE = YES_ERROR;
				GCC_WARN_UNDECLARED_SELECTOR = YES;
				GCC_WARN_UNINITIALIZED_AUTOS = YES_AGGRESSIVE;
				GCC_WARN_UNUSED_FUNCTION = YES;
				GCC_WARN_UNUSED_VARIABLE = YES;
				IPHONEOS_DEPLOYMENT_TARGET = 14.3;
				MTL_ENABLE_DEBUG_INFO = NO;
				MTL_FAST_MATH = YES;
				SDKROOT = iphoneos;
				SWIFT_COMPILATION_MODE = wholemodule;
				SWIFT_OPTIMIZATION_LEVEL = "-O";
				VALIDATE_PRODUCT = YES;
			};
			name = Release;
		};
		EF41B92025894DBE002D94B4 /* Debug */ = {
			isa = XCBuildConfiguration;
			buildSettings = {
				ASSETCATALOG_COMPILER_APPICON_NAME = AppIcon;
				ASSETCATALOG_COMPILER_GLOBAL_ACCENT_COLOR_NAME = AccentColor;
				CODE_SIGN_STYLE = Automatic;
				DEVELOPMENT_TEAM = 9HHDDYFD2W;
				INFOPLIST_FILE = GHFollowersRepetition2/Info.plist;
				IPHONEOS_DEPLOYMENT_TARGET = 15.0;
				LD_RUNPATH_SEARCH_PATHS = (
					"$(inherited)",
					"@executable_path/Frameworks",
				);
				PRODUCT_BUNDLE_IDENTIFIER = jmg.GHFollowersRepetition2;
				PRODUCT_NAME = "$(TARGET_NAME)";
				SWIFT_VERSION = 5.0;
				TARGETED_DEVICE_FAMILY = "1,2";
			};
			name = Debug;
		};
		EF41B92125894DBE002D94B4 /* Release */ = {
			isa = XCBuildConfiguration;
			buildSettings = {
				ASSETCATALOG_COMPILER_APPICON_NAME = AppIcon;
				ASSETCATALOG_COMPILER_GLOBAL_ACCENT_COLOR_NAME = AccentColor;
				CODE_SIGN_STYLE = Automatic;
				DEVELOPMENT_TEAM = 9HHDDYFD2W;
				INFOPLIST_FILE = GHFollowersRepetition2/Info.plist;
				IPHONEOS_DEPLOYMENT_TARGET = 15.0;
				LD_RUNPATH_SEARCH_PATHS = (
					"$(inherited)",
					"@executable_path/Frameworks",
				);
				PRODUCT_BUNDLE_IDENTIFIER = jmg.GHFollowersRepetition2;
				PRODUCT_NAME = "$(TARGET_NAME)";
				SWIFT_VERSION = 5.0;
				TARGETED_DEVICE_FAMILY = "1,2";
			};
			name = Release;
		};
		EF41B92325894DBE002D94B4 /* Debug */ = {
			isa = XCBuildConfiguration;
			buildSettings = {
				ALWAYS_EMBED_SWIFT_STANDARD_LIBRARIES = YES;
				BUNDLE_LOADER = "$(TEST_HOST)";
				CODE_SIGN_STYLE = Automatic;
				DEVELOPMENT_TEAM = 9HHDDYFD2W;
				INFOPLIST_FILE = GHFollowersRepetition2Tests/Info.plist;
				IPHONEOS_DEPLOYMENT_TARGET = 14.3;
				LD_RUNPATH_SEARCH_PATHS = (
					"$(inherited)",
					"@executable_path/Frameworks",
					"@loader_path/Frameworks",
				);
				PRODUCT_BUNDLE_IDENTIFIER = jmg.GHFollowersRepetition2Tests;
				PRODUCT_NAME = "$(TARGET_NAME)";
				SWIFT_VERSION = 5.0;
				TARGETED_DEVICE_FAMILY = "1,2";
				TEST_HOST = "$(BUILT_PRODUCTS_DIR)/GHFollowersRepetition2.app/GHFollowersRepetition2";
			};
			name = Debug;
		};
		EF41B92425894DBE002D94B4 /* Release */ = {
			isa = XCBuildConfiguration;
			buildSettings = {
				ALWAYS_EMBED_SWIFT_STANDARD_LIBRARIES = YES;
				BUNDLE_LOADER = "$(TEST_HOST)";
				CODE_SIGN_STYLE = Automatic;
				DEVELOPMENT_TEAM = 9HHDDYFD2W;
				INFOPLIST_FILE = GHFollowersRepetition2Tests/Info.plist;
				IPHONEOS_DEPLOYMENT_TARGET = 14.3;
				LD_RUNPATH_SEARCH_PATHS = (
					"$(inherited)",
					"@executable_path/Frameworks",
					"@loader_path/Frameworks",
				);
				PRODUCT_BUNDLE_IDENTIFIER = jmg.GHFollowersRepetition2Tests;
				PRODUCT_NAME = "$(TARGET_NAME)";
				SWIFT_VERSION = 5.0;
				TARGETED_DEVICE_FAMILY = "1,2";
				TEST_HOST = "$(BUILT_PRODUCTS_DIR)/GHFollowersRepetition2.app/GHFollowersRepetition2";
			};
			name = Release;
		};
		EF41B92625894DBE002D94B4 /* Debug */ = {
			isa = XCBuildConfiguration;
			buildSettings = {
				ALWAYS_EMBED_SWIFT_STANDARD_LIBRARIES = YES;
				CODE_SIGN_STYLE = Automatic;
				DEVELOPMENT_TEAM = 9HHDDYFD2W;
				INFOPLIST_FILE = GHFollowersRepetition2UITests/Info.plist;
				LD_RUNPATH_SEARCH_PATHS = (
					"$(inherited)",
					"@executable_path/Frameworks",
					"@loader_path/Frameworks",
				);
				PRODUCT_BUNDLE_IDENTIFIER = jmg.GHFollowersRepetition2UITests;
				PRODUCT_NAME = "$(TARGET_NAME)";
				SWIFT_VERSION = 5.0;
				TARGETED_DEVICE_FAMILY = "1,2";
				TEST_TARGET_NAME = GHFollowersRepetition2;
			};
			name = Debug;
		};
		EF41B92725894DBE002D94B4 /* Release */ = {
			isa = XCBuildConfiguration;
			buildSettings = {
				ALWAYS_EMBED_SWIFT_STANDARD_LIBRARIES = YES;
				CODE_SIGN_STYLE = Automatic;
				DEVELOPMENT_TEAM = 9HHDDYFD2W;
				INFOPLIST_FILE = GHFollowersRepetition2UITests/Info.plist;
				LD_RUNPATH_SEARCH_PATHS = (
					"$(inherited)",
					"@executable_path/Frameworks",
					"@loader_path/Frameworks",
				);
				PRODUCT_BUNDLE_IDENTIFIER = jmg.GHFollowersRepetition2UITests;
				PRODUCT_NAME = "$(TARGET_NAME)";
				SWIFT_VERSION = 5.0;
				TARGETED_DEVICE_FAMILY = "1,2";
				TEST_TARGET_NAME = GHFollowersRepetition2;
			};
			name = Release;
		};
/* End XCBuildConfiguration section */

/* Begin XCConfigurationList section */
		EF41B8F025894DBD002D94B4 /* Build configuration list for PBXProject "GHFollowersRepetition2" */ = {
			isa = XCConfigurationList;
			buildConfigurations = (
				EF41B91D25894DBE002D94B4 /* Debug */,
				EF41B91E25894DBE002D94B4 /* Release */,
			);
			defaultConfigurationIsVisible = 0;
			defaultConfigurationName = Release;
		};
		EF41B91F25894DBE002D94B4 /* Build configuration list for PBXNativeTarget "GHFollowersRepetition2" */ = {
			isa = XCConfigurationList;
			buildConfigurations = (
				EF41B92025894DBE002D94B4 /* Debug */,
				EF41B92125894DBE002D94B4 /* Release */,
			);
			defaultConfigurationIsVisible = 0;
			defaultConfigurationName = Release;
		};
		EF41B92225894DBE002D94B4 /* Build configuration list for PBXNativeTarget "GHFollowersRepetition2Tests" */ = {
			isa = XCConfigurationList;
			buildConfigurations = (
				EF41B92325894DBE002D94B4 /* Debug */,
				EF41B92425894DBE002D94B4 /* Release */,
			);
			defaultConfigurationIsVisible = 0;
			defaultConfigurationName = Release;
		};
		EF41B92525894DBE002D94B4 /* Build configuration list for PBXNativeTarget "GHFollowersRepetition2UITests" */ = {
			isa = XCConfigurationList;
			buildConfigurations = (
				EF41B92625894DBE002D94B4 /* Debug */,
				EF41B92725894DBE002D94B4 /* Release */,
			);
			defaultConfigurationIsVisible = 0;
			defaultConfigurationName = Release;
		};
/* End XCConfigurationList section */
	};
	rootObject = EF41B8ED25894DBD002D94B4 /* Project object */;
}
